
Microsoft Visual Studio Solution File, Format Version 12.00
# Visual Studio 14
VisualStudioVersion = 14.0.25420.1
MinimumVisualStudioVersion = 10.0.40219.1
Project("{FAE04EC0-301F-11D3-BF4B-00C04F79EFBC}") = "GroupBuilderAdmin", "GroupBuilderAdmin.csproj", "{71A857A4-E38D-4A6C-9EC7-3F74B4DF990E}"
EndProject
Global
	GlobalSection(SolutionConfigurationPlatforms) = preSolution
		Debug|Any CPU = Debug|Any CPU
		Release|Any CPU = Release|Any CPU
	EndGlobalSection
	GlobalSection(ProjectConfigurationPlatforms) = postSolution
		{71A857A4-E38D-4A6C-9EC7-3F74B4DF990E}.Debug|Any CPU.ActiveCfg = Debug|Any CPU
		{71A857A4-E38D-4A6C-9EC7-3F74B4DF990E}.Debug|Any CPU.Build.0 = Debug|Any CPU
		{71A857A4-E38D-4A6C-9EC7-3F74B4DF990E}.Release|Any CPU.ActiveCfg = Release|Any CPU
		{71A857A4-E38D-4A6C-9EC7-3F74B4DF990E}.Release|Any CPU.Build.0 = Release|Any CPU
	EndGlobalSection
	GlobalSection(SolutionProperties) = preSolution
		HideSolutionNode = FALSE
	EndGlobalSection
EndGlobal
